
Microsoft Visual Studio Solution File, Format Version 12.00
# Visual Studio Version 16
VisualStudioVersion = 16.0.28803.156
MinimumVisualStudioVersion = 10.0.40219.1
Project("{FAE04EC0-301F-11D3-BF4B-00C04F79EFBC}") = "StreamRipperBEFW", "StreamRipperBEFW\StreamRipperBEFW.csproj", "{6FBC4FDA-F64C-4007-AB15-EF59ED1B1CB5}"
EndProject
Project("{FAE04EC0-301F-11D3-BF4B-00C04F79EFBC}") = "StreamRipperConsoleFW", "StreamRipperConsoleFW\StreamRipperConsoleFW.csproj", "{52264F4E-0401-4425-BBCF-AC5158FFEB29}"
EndProject
Global
	GlobalSection(SolutionConfigurationPlatforms) = preSolution
		Debug|Any CPU = Debug|Any CPU
		Release|Any CPU = Release|Any CPU
	EndGlobalSection
	GlobalSection(ProjectConfigurationPlatforms) = postSolution
		{6FBC4FDA-F64C-4007-AB15-EF59ED1B1CB5}.Debug|Any CPU.ActiveCfg = Debug|Any CPU
		{6FBC4FDA-F64C-4007-AB15-EF59ED1B1CB5}.Debug|Any CPU.Build.0 = Debug|Any CPU
		{6FBC4FDA-F64C-4007-AB15-EF59ED1B1CB5}.Release|Any CPU.ActiveCfg = Release|Any CPU
		{6FBC4FDA-F64C-4007-AB15-EF59ED1B1CB5}.Release|Any CPU.Build.0 = Release|Any CPU
		{52264F4E-0401-4425-BBCF-AC5158FFEB29}.Debug|Any CPU.ActiveCfg = Debug|Any CPU
		{52264F4E-0401-4425-BBCF-AC5158FFEB29}.Debug|Any CPU.Build.0 = Debug|Any CPU
		{52264F4E-0401-4425-BBCF-AC5158FFEB29}.Release|Any CPU.ActiveCfg = Release|Any CPU
		{52264F4E-0401-4425-BBCF-AC5158FFEB29}.Release|Any CPU.Build.0 = Release|Any CPU
	EndGlobalSection
	GlobalSection(SolutionProperties) = preSolution
		HideSolutionNode = FALSE
	EndGlobalSection
	GlobalSection(ExtensibilityGlobals) = postSolution
		SolutionGuid = {AB7AFF6B-3E0A-4A88-9B18-3A7767EF8651}
	EndGlobalSection
EndGlobal
